
Microsoft Visual Studio Solution File, Format Version 12.00
# Visual Studio Version 17
VisualStudioVersion = 17.6.33829.357
MinimumVisualStudioVersion = 10.0.40219.1
Project("{FAE04EC0-301F-11D3-BF4B-00C04F79EFBC}") = "Miracle_Deliverable2", "Miracle_Deliverable2\Miracle_Deliverable2.csproj", "{F7CA02D2-78D7-4327-9513-9C380B43982A}"
EndProject
Global
	GlobalSection(SolutionConfigurationPlatforms) = preSolution
		Debug|Any CPU = Debug|Any CPU
		Release|Any CPU = Release|Any CPU
	EndGlobalSection
	GlobalSection(ProjectConfigurationPlatforms) = postSolution
		{F7CA02D2-78D7-4327-9513-9C380B43982A}.Debug|Any CPU.ActiveCfg = Debug|Any CPU
		{F7CA02D2-78D7-4327-9513-9C380B43982A}.Debug|Any CPU.Build.0 = Debug|Any CPU
		{F7CA02D2-78D7-4327-9513-9C380B43982A}.Release|Any CPU.ActiveCfg = Release|Any CPU
		{F7CA02D2-78D7-4327-9513-9C380B43982A}.Release|Any CPU.Build.0 = Release|Any CPU
	EndGlobalSection
	GlobalSection(SolutionProperties) = preSolution
		HideSolutionNode = FALSE
	EndGlobalSection
	GlobalSection(ExtensibilityGlobals) = postSolution
		SolutionGuid = {6D190870-89D0-4C9F-A95B-7AC1A3328FFC}
	EndGlobalSection
EndGlobal
